<?xml version="1.0" encoding="utf-8"?>
<Project ToolsVersion="4.0" xmlns="http://schemas.microsoft.com/developer/msbuild/2003">
  <ItemGroup>
    <Filter Include="Source Files">
      <UniqueIdentifier>{4FC737F1-C7A5-4376-A066-2A32D752A2FF}</UniqueIdentifier>
      <Extensions>cpp;c;cc;cxx;c++;cppm;ixx;def;odl;idl;hpj;bat;asm;asmx</Extensions>
    </Filter>
    <Filter Include="Header Files">
      <UniqueIdentifier>{93995380-89BD-4b04-88EB-625FBE52EBFB}</UniqueIdentifier>
      <Extensions>h;hh;hpp;hxx;h++;hm;inl;inc;ipp;xsd</Extensions>
    </Filter>
    <Filter Include="Resource Files">
      <UniqueIdentifier>{67DA6AB6-F800-4c08-8B7A-83BB121AAD01}</UniqueIdentifier>
      <Extensions>rc;ico;cur;bmp;dlg;rc2;rct;bin;rgs;gif;jpg;jpeg;jpe;resx;tiff;tif;png;wav;mfcribbon-ms</Extensions>
    </Filter>
    <Filter Include="Mesh">
      <UniqueIdentifier>{30bbe3c1-62eb-4acd-9fe3-6f1247b96b21}</UniqueIdentifier>
    </Filter>
    <Filter Include="EngineMath">
      <UniqueIdentifier>{46f371df-c3eb-4f66-8274-31375f24ecb4}</UniqueIdentifier>
    </Filter>
    <Filter Include="Display">
      <UniqueIdentifier>{c427bc56-87bb-4609-b122-6d64318728a5}</UniqueIdentifier>
    </Filter>
  </ItemGroup>
  <ItemGroup>
    <ClCompile Include="Engine.cpp">
      <Filter>Source Files</Filter>
    </ClCompile>
    <ClCompile Include="Engine_OnInit.cpp">
      <Filter>Source Files</Filter>
    </ClCompile>
    <ClCompile Include="Engine_OnEvent.cpp">
      <Filter>Source Files</Filter>
    </ClCompile>
    <ClCompile Include="Engine_OnRender.cpp">
      <Filter>Source Files</Filter>
    </ClCompile>
    <ClCompile Include="Engine_OnCleanup.cpp">
      <Filter>Source Files</Filter>
    </ClCompile>
    <ClCompile Include="Engine_OnLoop.cpp">
      <Filter>Source Files</Filter>
    </ClCompile>
    <ClCompile Include="EngineEvent.cpp">
      <Filter>Source Files</Filter>
    </ClCompile>
    <ClCompile Include="Engine_CheckKeystate.cpp">
      <Filter>Source Files</Filter>
    </ClCompile>
    <ClCompile Include="camera.cpp">
      <Filter>Source Files</Filter>
    </ClCompile>
    <ClCompile Include="mesh.cpp">
      <Filter>Mesh</Filter>
    </ClCompile>
    <ClCompile Include="Model.cpp">
      <Filter>Mesh</Filter>
    </ClCompile>
    <ClCompile Include="Triangle.cpp">
      <Filter>Mesh</Filter>
    </ClCompile>
    <ClCompile Include="Plane.cpp">
      <Filter>EngineMath</Filter>
    </ClCompile>
    <ClCompile Include="Slope.cpp">
      <Filter>EngineMath</Filter>
    </ClCompile>
    <ClCompile Include="TransformUtilities.cpp">
      <Filter>EngineMath</Filter>
    </ClCompile>
    <ClCompile Include="Renderer.cpp">
      <Filter>Display</Filter>
    </ClCompile>
    <ClCompile Include="Window.cpp">
      <Filter>Display</Filter>
    </ClCompile>
  </ItemGroup>
  <ItemGroup>
    <ClInclude Include="Engine.h">
      <Filter>Header Files</Filter>
    </ClInclude>
    <ClInclude Include="EngineEvent.h">
      <Filter>Header Files</Filter>
    </ClInclude>
    <ClInclude Include="camera.h">
      <Filter>Header Files</Filter>
    </ClInclude>
    <ClInclude Include="Model.h">
      <Filter>Mesh</Filter>
    </ClInclude>
    <ClInclude Include="mesh.h">
      <Filter>Mesh</Filter>
    </ClInclude>
    <ClInclude Include="Triangle.h">
      <Filter>Mesh</Filter>
    </ClInclude>
    <ClInclude Include="Plane.h">
      <Filter>EngineMath</Filter>
    </ClInclude>
    <ClInclude Include="Slope.h">
      <Filter>EngineMath</Filter>
    </ClInclude>
    <ClInclude Include="TransformUtilities.h">
      <Filter>EngineMath</Filter>
    </ClInclude>
    <ClInclude Include="Renderer.h">
      <Filter>Display</Filter>
    </ClInclude>
    <ClInclude Include="Window.h">
      <Filter>Display</Filter>
    </ClInclude>
  </ItemGroup>
</Project>